
Microsoft Visual Studio Solution File, Format Version 11.00
# Visual Studio 2010
Project("{F184B08F-C81C-45F6-A57F-5ABD9991F28F}") = "VisualLoveProject 2.0 Ultimate", "VisualLoveProject 2.0 Ultimate\VisualLoveProject 2.0 Ultimate.vbproj", "{5C54151C-9EF0-49F4-AC35-2E93FF1CF00F}"
EndProject
Project("{F184B08F-C81C-45F6-A57F-5ABD9991F28F}") = "IcoChanged", "IcoChanged\IcoChanged.vbproj", "{261D177B-4FD0-44B0-A3FB-82993530F700}"
EndProject
Project("{54435603-DBB4-11D2-8724-00A0C9A8B90C}") = "Setup", "Setup\Setup.vdproj", "{AB356E52-5EA9-4FA2-9912-4110C7FAC415}"
EndProject
Global
	GlobalSection(SolutionConfigurationPlatforms) = preSolution
		Debug|Any CPU = Debug|Any CPU
		Debug|Mixed Platforms = Debug|Mixed Platforms
		Debug|x86 = Debug|x86
		Release|Any CPU = Release|Any CPU
		Release|Mixed Platforms = Release|Mixed Platforms
		Release|x86 = Release|x86
	EndGlobalSection
	GlobalSection(ProjectConfigurationPlatforms) = postSolution
		{5C54151C-9EF0-49F4-AC35-2E93FF1CF00F}.Debug|Any CPU.ActiveCfg = Debug|x86
		{5C54151C-9EF0-49F4-AC35-2E93FF1CF00F}.Debug|Mixed Platforms.ActiveCfg = Debug|x86
		{5C54151C-9EF0-49F4-AC35-2E93FF1CF00F}.Debug|Mixed Platforms.Build.0 = Debug|x86
		{5C54151C-9EF0-49F4-AC35-2E93FF1CF00F}.Debug|x86.ActiveCfg = Debug|x86
		{5C54151C-9EF0-49F4-AC35-2E93FF1CF00F}.Debug|x86.Build.0 = Debug|x86
		{5C54151C-9EF0-49F4-AC35-2E93FF1CF00F}.Release|Any CPU.ActiveCfg = Release|x86
		{5C54151C-9EF0-49F4-AC35-2E93FF1CF00F}.Release|Mixed Platforms.ActiveCfg = Release|x86
		{5C54151C-9EF0-49F4-AC35-2E93FF1CF00F}.Release|Mixed Platforms.Build.0 = Release|x86
		{5C54151C-9EF0-49F4-AC35-2E93FF1CF00F}.Release|x86.ActiveCfg = Release|x86
		{5C54151C-9EF0-49F4-AC35-2E93FF1CF00F}.Release|x86.Build.0 = Release|x86
		{261D177B-4FD0-44B0-A3FB-82993530F700}.Debug|Any CPU.ActiveCfg = Debug|Any CPU
		{261D177B-4FD0-44B0-A3FB-82993530F700}.Debug|Any CPU.Build.0 = Debug|Any CPU
		{261D177B-4FD0-44B0-A3FB-82993530F700}.Debug|Mixed Platforms.ActiveCfg = Debug|Any CPU
		{261D177B-4FD0-44B0-A3FB-82993530F700}.Debug|Mixed Platforms.Build.0 = Debug|Any CPU
		{261D177B-4FD0-44B0-A3FB-82993530F700}.Debug|x86.ActiveCfg = Debug|Any CPU
		{261D177B-4FD0-44B0-A3FB-82993530F700}.Release|Any CPU.ActiveCfg = Release|Any CPU
		{261D177B-4FD0-44B0-A3FB-82993530F700}.Release|Any CPU.Build.0 = Release|Any CPU
		{261D177B-4FD0-44B0-A3FB-82993530F700}.Release|Mixed Platforms.ActiveCfg = Release|Any CPU
		{261D177B-4FD0-44B0-A3FB-82993530F700}.Release|Mixed Platforms.Build.0 = Release|Any CPU
		{261D177B-4FD0-44B0-A3FB-82993530F700}.Release|x86.ActiveCfg = Release|Any CPU
		{AB356E52-5EA9-4FA2-9912-4110C7FAC415}.Debug|Any CPU.ActiveCfg = Debug
		{AB356E52-5EA9-4FA2-9912-4110C7FAC415}.Debug|Mixed Platforms.ActiveCfg = Debug
		{AB356E52-5EA9-4FA2-9912-4110C7FAC415}.Debug|x86.ActiveCfg = Debug
		{AB356E52-5EA9-4FA2-9912-4110C7FAC415}.Release|Any CPU.ActiveCfg = Release
		{AB356E52-5EA9-4FA2-9912-4110C7FAC415}.Release|Mixed Platforms.ActiveCfg = Release
		{AB356E52-5EA9-4FA2-9912-4110C7FAC415}.Release|x86.ActiveCfg = Release
	EndGlobalSection
	GlobalSection(SolutionProperties) = preSolution
		HideSolutionNode = FALSE
	EndGlobalSection
EndGlobal
